<?xml version="1.0" encoding="UTF-8"?>
<CodeBlocks_project_file>
	<FileVersion major="1" minor="6"/>
	<Project>
		<Option title="gtest"/>
		<Option makefile_is_custom="1"/>
		<Option compiler="gcc"/>
		<Option virtualFolders="CMake Files\;CMake Files\Simulation\;CMake Files\Simulation\Connections\;CMake Files\Simulation\Edges\;CMake Files\Simulation\Layouts\;CMake Files\Simulation\Vertices\;CMake Files\Simulation\Core\;CMake Files\Simulation\Core\FunctionNodes\;CMake Files\Simulation\Recorders\;CMake Files\Simulation\Utils\;CMake Files\Simulation\Utils\Matrix\;CMake Files\Simulation\Utils\RNG\;CMake Files\ThirdParty\;CMake Files\ThirdParty\TinyXPath\;CMake Files\ThirdParty\log4cplus-2.0.2\;CMake Files\ThirdParty\log4cplus-2.0.2\src\;CMake Files\ThirdParty\log4cplus-2.0.2\src\cmake\;CMake Files\ThirdParty\log4cplus-2.0.2\simpleserver\;CMake Files\ThirdParty\log4cplus-2.0.2\testing\;CMake Files\ThirdParty\log4cplus-2.0.2\testing\appender_test\;CMake Files\ThirdParty\log4cplus-2.0.2\testing\configandwatch_test\;CMake Files\ThirdParty\log4cplus-2.0.2\testing\customloglevel_test\;CMake Files\ThirdParty\log4cplus-2.0.2\testing\fileappender_test\;CMake Files\ThirdParty\log4cplus-2.0.2\testing\filter_test\;CMake Files\ThirdParty\log4cplus-2.0.2\testing\hierarchy_test\;CMake Files\ThirdParty\log4cplus-2.0.2\testing\loglog_test\;CMake Files\ThirdParty\log4cplus-2.0.2\testing\ndc_test\;CMake Files\ThirdParty\log4cplus-2.0.2\testing\ostream_test\;CMake Files\ThirdParty\log4cplus-2.0.2\testing\patternlayout_test\;CMake Files\ThirdParty\log4cplus-2.0.2\testing\performance_test\;CMake Files\ThirdParty\log4cplus-2.0.2\testing\priority_test\;CMake Files\ThirdParty\log4cplus-2.0.2\testing\propertyconfig_test\;CMake Files\ThirdParty\log4cplus-2.0.2\testing\thread_test\;CMake Files\ThirdParty\log4cplus-2.0.2\testing\timeformat_test\;CMake Files\ThirdParty\log4cplus-2.0.2\testing\unit_tests\;CMake Files\ThirdParty\paramcontainer\;CMake Files\..\;CMake Files\..\..\;CMake Files\..\..\..\;CMake Files\..\..\..\..\;CMake Files\..\..\..\..\..\;CMake Files\..\..\..\..\..\Users\;CMake Files\..\..\..\..\..\Users\chris\;CMake Files\..\..\..\..\..\Users\chris\OneDrive\;CMake Files\..\..\..\..\..\Users\chris\OneDrive\Desktop\;CMake Files\..\..\..\..\..\Users\chris\OneDrive\Desktop\SummerOfBrain\;CMake Files\..\..\..\..\..\Users\chris\OneDrive\Desktop\SummerOfBrain\ThirdParty\;CMake Files\..\..\..\..\..\Users\chris\OneDrive\Desktop\SummerOfBrain\ThirdParty\log4cplus-2.0.2\;CMake Files\..\..\..\..\..\Users\chris\OneDrive\Desktop\SummerOfBrain\ThirdParty\log4cplus-2.0.2\include\;CMake Files\..\..\..\..\..\Users\chris\OneDrive\Desktop\SummerOfBrain\ThirdParty\log4cplus-2.0.2\include\log4cplus\;CMake Files\..\..\..\..\..\Users\chris\OneDrive\Desktop\SummerOfBrain\ThirdParty\log4cplus-2.0.2\include\log4cplus\config\;CMake Files\Testing\;CMake Files\Testing\lib\;CMake Files\Testing\lib\googletest-master\;CMake Files\Testing\lib\googletest-master\googlemock\;CMake Files\Testing\lib\googletest-master\googlemock\cmake\;CMake Files\Testing\lib\googletest-master\googletest\;CMake Files\Testing\lib\googletest-master\googletest\cmake\;"/>
		<Build>
			<Target title="all">
				<Option working_dir="/mnt/c/Users/chris/OneDrive/Desktop/SummerOfBrain/Testing/lib/googletest-master/googletest"/>
				<Option type="4"/>
				<MakeCommands>
					<Build command=" -f &quot;/mnt/c/Users/chris/OneDrive/Desktop/SummerOfBrain/Testing/lib/googletest-master/googletest/Makefile&quot;  VERBOSE=1 all"/>
					<CompileFile command=" -f &quot;/mnt/c/Users/chris/OneDrive/Desktop/SummerOfBrain/Testing/lib/googletest-master/googletest/Makefile&quot;  VERBOSE=1 &quot;$file&quot;"/>
					<Clean command=" -f &quot;/mnt/c/Users/chris/OneDrive/Desktop/SummerOfBrain/Testing/lib/googletest-master/googletest/Makefile&quot;  VERBOSE=1 clean"/>
					<DistClean command=" -f &quot;/mnt/c/Users/chris/OneDrive/Desktop/SummerOfBrain/Testing/lib/googletest-master/googletest/Makefile&quot;  VERBOSE=1 clean"/>
				</MakeCommands>
			</Target>
			<Target title="gtest">
				<Option output="/mnt/c/Users/chris/OneDrive/Desktop/SummerOfBrain/lib/libgtest.so" prefix_auto="0" extension_auto="0"/>
				<Option working_dir="/mnt/c/Users/chris/OneDrive/Desktop/SummerOfBrain/Testing/lib/googletest-master/googletest"/>
				<Option object_output="./"/>
				<Option type="3"/>
				<Option compiler="gcc"/>
				<Compiler>
					<Add option="-DGTEST_CREATE_SHARED_LIBRARY=1"/>
					<Add option="-DTIXML_USE_STL"/>
					<Add directory="/mnt/c/users/chris/onedrive/desktop/summerofbrain/../SummerOfBrain"/>
					<Add directory="/mnt/c/users/chris/onedrive/desktop/summerofbrain/Simulation"/>
					<Add directory="/mnt/c/users/chris/onedrive/desktop/summerofbrain/Simulation/Connections"/>
					<Add directory="/mnt/c/users/chris/onedrive/desktop/summerofbrain/Simulation/Core"/>
					<Add directory="/mnt/c/users/chris/onedrive/desktop/summerofbrain/Simulation/Core/FunctionNodes"/>
					<Add directory="/mnt/c/users/chris/onedrive/desktop/summerofbrain/Simulation/Edges"/>
					<Add directory="/mnt/c/users/chris/onedrive/desktop/summerofbrain/Simulation/Layouts"/>
					<Add directory="/mnt/c/users/chris/onedrive/desktop/summerofbrain/Simulation/Recorders"/>
					<Add directory="/mnt/c/users/chris/onedrive/desktop/summerofbrain/Simulation/Vertices"/>
					<Add directory="/mnt/c/users/chris/onedrive/desktop/summerofbrain/Simulation/Utils"/>
					<Add directory="/mnt/c/users/chris/onedrive/desktop/summerofbrain/Testing"/>
					<Add directory="/mnt/c/users/chris/onedrive/desktop/summerofbrain/ThirdParty"/>
					<Add directory="/mnt/c/users/chris/onedrive/desktop/summerofbrain/ThirdParty/cereal"/>
					<Add directory="/mnt/c/users/chris/onedrive/desktop/summerofbrain/ThirdParty/TinyXPath"/>
					<Add directory="/mnt/c/users/chris/onedrive/desktop/summerofbrain/ThirdParty/log4cplus-2.0.2/include"/>
					<Add directory="/mnt/c/users/chris/onedrive/desktop/summerofbrain/Testing/lib/googletest-master/googletest/include"/>
					<Add directory="/mnt/c/users/chris/onedrive/desktop/summerofbrain/Testing/lib/googletest-master/googletest"/>
				</Compiler>
				<MakeCommands>
					<Build command=" -f &quot;/mnt/c/Users/chris/OneDrive/Desktop/SummerOfBrain/Testing/lib/googletest-master/googletest/Makefile&quot;  VERBOSE=1 gtest"/>
					<CompileFile command=" -f &quot;/mnt/c/Users/chris/OneDrive/Desktop/SummerOfBrain/Testing/lib/googletest-master/googletest/Makefile&quot;  VERBOSE=1 &quot;$file&quot;"/>
					<Clean command=" -f &quot;/mnt/c/Users/chris/OneDrive/Desktop/SummerOfBrain/Testing/lib/googletest-master/googletest/Makefile&quot;  VERBOSE=1 clean"/>
					<DistClean command=" -f &quot;/mnt/c/Users/chris/OneDrive/Desktop/SummerOfBrain/Testing/lib/googletest-master/googletest/Makefile&quot;  VERBOSE=1 clean"/>
				</MakeCommands>
			</Target>
			<Target title="gtest/fast">
				<Option output="/mnt/c/Users/chris/OneDrive/Desktop/SummerOfBrain/lib/libgtest.so" prefix_auto="0" extension_auto="0"/>
				<Option working_dir="/mnt/c/Users/chris/OneDrive/Desktop/SummerOfBrain/Testing/lib/googletest-master/googletest"/>
				<Option object_output="./"/>
				<Option type="3"/>
				<Option compiler="gcc"/>
				<Compiler>
					<Add option="-DGTEST_CREATE_SHARED_LIBRARY=1"/>
					<Add option="-DTIXML_USE_STL"/>
					<Add directory="/mnt/c/users/chris/onedrive/desktop/summerofbrain/../SummerOfBrain"/>
					<Add directory="/mnt/c/users/chris/onedrive/desktop/summerofbrain/Simulation"/>
					<Add directory="/mnt/c/users/chris/onedrive/desktop/summerofbrain/Simulation/Connections"/>
					<Add directory="/mnt/c/users/chris/onedrive/desktop/summerofbrain/Simulation/Core"/>
					<Add directory="/mnt/c/users/chris/onedrive/desktop/summerofbrain/Simulation/Core/FunctionNodes"/>
					<Add directory="/mnt/c/users/chris/onedrive/desktop/summerofbrain/Simulation/Edges"/>
					<Add directory="/mnt/c/users/chris/onedrive/desktop/summerofbrain/Simulation/Layouts"/>
					<Add directory="/mnt/c/users/chris/onedrive/desktop/summerofbrain/Simulation/Recorders"/>
					<Add directory="/mnt/c/users/chris/onedrive/desktop/summerofbrain/Simulation/Vertices"/>
					<Add directory="/mnt/c/users/chris/onedrive/desktop/summerofbrain/Simulation/Utils"/>
					<Add directory="/mnt/c/users/chris/onedrive/desktop/summerofbrain/Testing"/>
					<Add directory="/mnt/c/users/chris/onedrive/desktop/summerofbrain/ThirdParty"/>
					<Add directory="/mnt/c/users/chris/onedrive/desktop/summerofbrain/ThirdParty/cereal"/>
					<Add directory="/mnt/c/users/chris/onedrive/desktop/summerofbrain/ThirdParty/TinyXPath"/>
					<Add directory="/mnt/c/users/chris/onedrive/desktop/summerofbrain/ThirdParty/log4cplus-2.0.2/include"/>
					<Add directory="/mnt/c/users/chris/onedrive/desktop/summerofbrain/Testing/lib/googletest-master/googletest/include"/>
					<Add directory="/mnt/c/users/chris/onedrive/desktop/summerofbrain/Testing/lib/googletest-master/googletest"/>
				</Compiler>
				<MakeCommands>
					<Build command=" -f &quot;/mnt/c/Users/chris/OneDrive/Desktop/SummerOfBrain/Testing/lib/googletest-master/googletest/Makefile&quot;  VERBOSE=1 gtest/fast"/>
					<CompileFile command=" -f &quot;/mnt/c/Users/chris/OneDrive/Desktop/SummerOfBrain/Testing/lib/googletest-master/googletest/Makefile&quot;  VERBOSE=1 &quot;$file&quot;"/>
					<Clean command=" -f &quot;/mnt/c/Users/chris/OneDrive/Desktop/SummerOfBrain/Testing/lib/googletest-master/googletest/Makefile&quot;  VERBOSE=1 clean"/>
					<DistClean command=" -f &quot;/mnt/c/Users/chris/OneDrive/Desktop/SummerOfBrain/Testing/lib/googletest-master/googletest/Makefile&quot;  VERBOSE=1 clean"/>
				</MakeCommands>
			</Target>
			<Target title="gtest_main">
				<Option output="/mnt/c/Users/chris/OneDrive/Desktop/SummerOfBrain/lib/libgtest_main.so" prefix_auto="0" extension_auto="0"/>
				<Option working_dir="/mnt/c/Users/chris/OneDrive/Desktop/SummerOfBrain/Testing/lib/googletest-master/googletest"/>
				<Option object_output="./"/>
				<Option type="3"/>
				<Option compiler="gcc"/>
				<Compiler>
					<Add option="-DGTEST_CREATE_SHARED_LIBRARY=1"/>
					<Add option="-DTIXML_USE_STL"/>
					<Add directory="/mnt/c/users/chris/onedrive/desktop/summerofbrain/../SummerOfBrain"/>
					<Add directory="/mnt/c/users/chris/onedrive/desktop/summerofbrain/Simulation"/>
					<Add directory="/mnt/c/users/chris/onedrive/desktop/summerofbrain/Simulation/Connections"/>
					<Add directory="/mnt/c/users/chris/onedrive/desktop/summerofbrain/Simulation/Core"/>
					<Add directory="/mnt/c/users/chris/onedrive/desktop/summerofbrain/Simulation/Core/FunctionNodes"/>
					<Add directory="/mnt/c/users/chris/onedrive/desktop/summerofbrain/Simulation/Edges"/>
					<Add directory="/mnt/c/users/chris/onedrive/desktop/summerofbrain/Simulation/Layouts"/>
					<Add directory="/mnt/c/users/chris/onedrive/desktop/summerofbrain/Simulation/Recorders"/>
					<Add directory="/mnt/c/users/chris/onedrive/desktop/summerofbrain/Simulation/Vertices"/>
					<Add directory="/mnt/c/users/chris/onedrive/desktop/summerofbrain/Simulation/Utils"/>
					<Add directory="/mnt/c/users/chris/onedrive/desktop/summerofbrain/Testing"/>
					<Add directory="/mnt/c/users/chris/onedrive/desktop/summerofbrain/ThirdParty"/>
					<Add directory="/mnt/c/users/chris/onedrive/desktop/summerofbrain/ThirdParty/cereal"/>
					<Add directory="/mnt/c/users/chris/onedrive/desktop/summerofbrain/ThirdParty/TinyXPath"/>
					<Add directory="/mnt/c/users/chris/onedrive/desktop/summerofbrain/ThirdParty/log4cplus-2.0.2/include"/>
					<Add directory="/mnt/c/users/chris/onedrive/desktop/summerofbrain/Testing/lib/googletest-master/googletest/include"/>
					<Add directory="/mnt/c/users/chris/onedrive/desktop/summerofbrain/Testing/lib/googletest-master/googletest"/>
				</Compiler>
				<MakeCommands>
					<Build command=" -f &quot;/mnt/c/Users/chris/OneDrive/Desktop/SummerOfBrain/Testing/lib/googletest-master/googletest/Makefile&quot;  VERBOSE=1 gtest_main"/>
					<CompileFile command=" -f &quot;/mnt/c/Users/chris/OneDrive/Desktop/SummerOfBrain/Testing/lib/googletest-master/googletest/Makefile&quot;  VERBOSE=1 &quot;$file&quot;"/>
					<Clean command=" -f &quot;/mnt/c/Users/chris/OneDrive/Desktop/SummerOfBrain/Testing/lib/googletest-master/googletest/Makefile&quot;  VERBOSE=1 clean"/>
					<DistClean command=" -f &quot;/mnt/c/Users/chris/OneDrive/Desktop/SummerOfBrain/Testing/lib/googletest-master/googletest/Makefile&quot;  VERBOSE=1 clean"/>
				</MakeCommands>
			</Target>
			<Target title="gtest_main/fast">
				<Option output="/mnt/c/Users/chris/OneDrive/Desktop/SummerOfBrain/lib/libgtest_main.so" prefix_auto="0" extension_auto="0"/>
				<Option working_dir="/mnt/c/Users/chris/OneDrive/Desktop/SummerOfBrain/Testing/lib/googletest-master/googletest"/>
				<Option object_output="./"/>
				<Option type="3"/>
				<Option compiler="gcc"/>
				<Compiler>
					<Add option="-DGTEST_CREATE_SHARED_LIBRARY=1"/>
					<Add option="-DTIXML_USE_STL"/>
					<Add directory="/mnt/c/users/chris/onedrive/desktop/summerofbrain/../SummerOfBrain"/>
					<Add directory="/mnt/c/users/chris/onedrive/desktop/summerofbrain/Simulation"/>
					<Add directory="/mnt/c/users/chris/onedrive/desktop/summerofbrain/Simulation/Connections"/>
					<Add directory="/mnt/c/users/chris/onedrive/desktop/summerofbrain/Simulation/Core"/>
					<Add directory="/mnt/c/users/chris/onedrive/desktop/summerofbrain/Simulation/Core/FunctionNodes"/>
					<Add directory="/mnt/c/users/chris/onedrive/desktop/summerofbrain/Simulation/Edges"/>
					<Add directory="/mnt/c/users/chris/onedrive/desktop/summerofbrain/Simulation/Layouts"/>
					<Add directory="/mnt/c/users/chris/onedrive/desktop/summerofbrain/Simulation/Recorders"/>
					<Add directory="/mnt/c/users/chris/onedrive/desktop/summerofbrain/Simulation/Vertices"/>
					<Add directory="/mnt/c/users/chris/onedrive/desktop/summerofbrain/Simulation/Utils"/>
					<Add directory="/mnt/c/users/chris/onedrive/desktop/summerofbrain/Testing"/>
					<Add directory="/mnt/c/users/chris/onedrive/desktop/summerofbrain/ThirdParty"/>
					<Add directory="/mnt/c/users/chris/onedrive/desktop/summerofbrain/ThirdParty/cereal"/>
					<Add directory="/mnt/c/users/chris/onedrive/desktop/summerofbrain/ThirdParty/TinyXPath"/>
					<Add directory="/mnt/c/users/chris/onedrive/desktop/summerofbrain/ThirdParty/log4cplus-2.0.2/include"/>
					<Add directory="/mnt/c/users/chris/onedrive/desktop/summerofbrain/Testing/lib/googletest-master/googletest/include"/>
					<Add directory="/mnt/c/users/chris/onedrive/desktop/summerofbrain/Testing/lib/googletest-master/googletest"/>
				</Compiler>
				<MakeCommands>
					<Build command=" -f &quot;/mnt/c/Users/chris/OneDrive/Desktop/SummerOfBrain/Testing/lib/googletest-master/googletest/Makefile&quot;  VERBOSE=1 gtest_main/fast"/>
					<CompileFile command=" -f &quot;/mnt/c/Users/chris/OneDrive/Desktop/SummerOfBrain/Testing/lib/googletest-master/googletest/Makefile&quot;  VERBOSE=1 &quot;$file&quot;"/>
					<Clean command=" -f &quot;/mnt/c/Users/chris/OneDrive/Desktop/SummerOfBrain/Testing/lib/googletest-master/googletest/Makefile&quot;  VERBOSE=1 clean"/>
					<DistClean command=" -f &quot;/mnt/c/Users/chris/OneDrive/Desktop/SummerOfBrain/Testing/lib/googletest-master/googletest/Makefile&quot;  VERBOSE=1 clean"/>
				</MakeCommands>
			</Target>
		</Build>
		<Unit filename="/mnt/c/users/chris/onedrive/desktop/summerofbrain/Testing/lib/googletest-master/googletest/src/gtest-all.cc">
			<Option target="gtest"/>
		</Unit>
		<Unit filename="/mnt/c/users/chris/onedrive/desktop/summerofbrain/Testing/lib/googletest-master/googletest/src/gtest_main.cc">
			<Option target="gtest_main"/>
		</Unit>
		<Unit filename="/mnt/c/users/chris/onedrive/desktop/summerofbrain/CMakeLists.txt">
			<Option virtualFolder="CMake Files\"/>
		</Unit>
		<Unit filename="/mnt/c/users/chris/onedrive/desktop/summerofbrain/Simulation/CMakeLists.txt">
			<Option virtualFolder="CMake Files\Simulation\"/>
		</Unit>
		<Unit filename="/mnt/c/users/chris/onedrive/desktop/summerofbrain/Simulation/Connections/CMakeLists.txt">
			<Option virtualFolder="CMake Files\Simulation\Connections\"/>
		</Unit>
		<Unit filename="/mnt/c/users/chris/onedrive/desktop/summerofbrain/Simulation/Edges/CMakeLists.txt">
			<Option virtualFolder="CMake Files\Simulation\Edges\"/>
		</Unit>
		<Unit filename="/mnt/c/users/chris/onedrive/desktop/summerofbrain/Simulation/Layouts/CMakeLists.txt">
			<Option virtualFolder="CMake Files\Simulation\Layouts\"/>
		</Unit>
		<Unit filename="/mnt/c/users/chris/onedrive/desktop/summerofbrain/Simulation/Vertices/CMakeLists.txt">
			<Option virtualFolder="CMake Files\Simulation\Vertices\"/>
		</Unit>
		<Unit filename="/mnt/c/users/chris/onedrive/desktop/summerofbrain/Simulation/Core/CMakeLists.txt">
			<Option virtualFolder="CMake Files\Simulation\Core\"/>
		</Unit>
		<Unit filename="/mnt/c/users/chris/onedrive/desktop/summerofbrain/Simulation/Core/FunctionNodes/CMakeLists.txt">
			<Option virtualFolder="CMake Files\Simulation\Core\FunctionNodes\"/>
		</Unit>
		<Unit filename="/mnt/c/users/chris/onedrive/desktop/summerofbrain/Simulation/Recorders/CMakeLists.txt">
			<Option virtualFolder="CMake Files\Simulation\Recorders\"/>
		</Unit>
		<Unit filename="/mnt/c/users/chris/onedrive/desktop/summerofbrain/Simulation/Utils/CMakeLists.txt">
			<Option virtualFolder="CMake Files\Simulation\Utils\"/>
		</Unit>
		<Unit filename="/mnt/c/users/chris/onedrive/desktop/summerofbrain/Simulation/Utils/Matrix/CMakeLists.txt">
			<Option virtualFolder="CMake Files\Simulation\Utils\Matrix\"/>
		</Unit>
		<Unit filename="/mnt/c/users/chris/onedrive/desktop/summerofbrain/Simulation/Utils/RNG/CMakeLists.txt">
			<Option virtualFolder="CMake Files\Simulation\Utils\RNG\"/>
		</Unit>
		<Unit filename="/mnt/c/users/chris/onedrive/desktop/summerofbrain/ThirdParty/CMakeLists.txt">
			<Option virtualFolder="CMake Files\ThirdParty\"/>
		</Unit>
		<Unit filename="/mnt/c/users/chris/onedrive/desktop/summerofbrain/ThirdParty/TinyXPath/CMakeLists.txt">
			<Option virtualFolder="CMake Files\ThirdParty\TinyXPath\"/>
		</Unit>
		<Unit filename="/mnt/c/users/chris/onedrive/desktop/summerofbrain/ThirdParty/log4cplus-2.0.2/CMakeLists.txt">
			<Option virtualFolder="CMake Files\ThirdParty\log4cplus-2.0.2\"/>
		</Unit>
		<Unit filename="/mnt/c/users/chris/onedrive/desktop/summerofbrain/ThirdParty/log4cplus-2.0.2/ConfigureChecks.cmake">
			<Option virtualFolder="CMake Files\ThirdParty\log4cplus-2.0.2\"/>
		</Unit>
		<Unit filename="/mnt/c/users/chris/onedrive/desktop/summerofbrain/ThirdParty/log4cplus-2.0.2/LICENSE">
			<Option virtualFolder="CMake Files\ThirdParty\log4cplus-2.0.2\"/>
		</Unit>
		<Unit filename="/mnt/c/users/chris/onedrive/desktop/summerofbrain/ThirdParty/log4cplus-2.0.2/Log4CPlusCPack.cmake">
			<Option virtualFolder="CMake Files\ThirdParty\log4cplus-2.0.2\"/>
		</Unit>
		<Unit filename="/mnt/c/users/chris/onedrive/desktop/summerofbrain/ThirdParty/log4cplus-2.0.2/Log4CPlusUtils.cmake">
			<Option virtualFolder="CMake Files\ThirdParty\log4cplus-2.0.2\"/>
		</Unit>
		<Unit filename="/mnt/c/users/chris/onedrive/desktop/summerofbrain/ThirdParty/log4cplus-2.0.2/src/CMakeLists.txt">
			<Option virtualFolder="CMake Files\ThirdParty\log4cplus-2.0.2\src\"/>
		</Unit>
		<Unit filename="/mnt/c/users/chris/onedrive/desktop/summerofbrain/ThirdParty/log4cplus-2.0.2/src/cmake/Config.cmake.in">
			<Option virtualFolder="CMake Files\ThirdParty\log4cplus-2.0.2\src\cmake\"/>
		</Unit>
		<Unit filename="/mnt/c/users/chris/onedrive/desktop/summerofbrain/ThirdParty/log4cplus-2.0.2/simpleserver/CMakeLists.txt">
			<Option virtualFolder="CMake Files\ThirdParty\log4cplus-2.0.2\simpleserver\"/>
		</Unit>
		<Unit filename="/mnt/c/users/chris/onedrive/desktop/summerofbrain/ThirdParty/log4cplus-2.0.2/testing/CMakeLists.txt">
			<Option virtualFolder="CMake Files\ThirdParty\log4cplus-2.0.2\testing\"/>
		</Unit>
		<Unit filename="/mnt/c/users/chris/onedrive/desktop/summerofbrain/ThirdParty/log4cplus-2.0.2/testing/appender_test/CMakeLists.txt">
			<Option virtualFolder="CMake Files\ThirdParty\log4cplus-2.0.2\testing\appender_test\"/>
		</Unit>
		<Unit filename="/mnt/c/users/chris/onedrive/desktop/summerofbrain/ThirdParty/log4cplus-2.0.2/testing/configandwatch_test/CMakeLists.txt">
			<Option virtualFolder="CMake Files\ThirdParty\log4cplus-2.0.2\testing\configandwatch_test\"/>
		</Unit>
		<Unit filename="/mnt/c/users/chris/onedrive/desktop/summerofbrain/ThirdParty/log4cplus-2.0.2/testing/customloglevel_test/CMakeLists.txt">
			<Option virtualFolder="CMake Files\ThirdParty\log4cplus-2.0.2\testing\customloglevel_test\"/>
		</Unit>
		<Unit filename="/mnt/c/users/chris/onedrive/desktop/summerofbrain/ThirdParty/log4cplus-2.0.2/testing/fileappender_test/CMakeLists.txt">
			<Option virtualFolder="CMake Files\ThirdParty\log4cplus-2.0.2\testing\fileappender_test\"/>
		</Unit>
		<Unit filename="/mnt/c/users/chris/onedrive/desktop/summerofbrain/ThirdParty/log4cplus-2.0.2/testing/filter_test/CMakeLists.txt">
			<Option virtualFolder="CMake Files\ThirdParty\log4cplus-2.0.2\testing\filter_test\"/>
		</Unit>
		<Unit filename="/mnt/c/users/chris/onedrive/desktop/summerofbrain/ThirdParty/log4cplus-2.0.2/testing/hierarchy_test/CMakeLists.txt">
			<Option virtualFolder="CMake Files\ThirdParty\log4cplus-2.0.2\testing\hierarchy_test\"/>
		</Unit>
		<Unit filename="/mnt/c/users/chris/onedrive/desktop/summerofbrain/ThirdParty/log4cplus-2.0.2/testing/loglog_test/CMakeLists.txt">
			<Option virtualFolder="CMake Files\ThirdParty\log4cplus-2.0.2\testing\loglog_test\"/>
		</Unit>
		<Unit filename="/mnt/c/users/chris/onedrive/desktop/summerofbrain/ThirdParty/log4cplus-2.0.2/testing/ndc_test/CMakeLists.txt">
			<Option virtualFolder="CMake Files\ThirdParty\log4cplus-2.0.2\testing\ndc_test\"/>
		</Unit>
		<Unit filename="/mnt/c/users/chris/onedrive/desktop/summerofbrain/ThirdParty/log4cplus-2.0.2/testing/ostream_test/CMakeLists.txt">
			<Option virtualFolder="CMake Files\ThirdParty\log4cplus-2.0.2\testing\ostream_test\"/>
		</Unit>
		<Unit filename="/mnt/c/users/chris/onedrive/desktop/summerofbrain/ThirdParty/log4cplus-2.0.2/testing/patternlayout_test/CMakeLists.txt">
			<Option virtualFolder="CMake Files\ThirdParty\log4cplus-2.0.2\testing\patternlayout_test\"/>
		</Unit>
		<Unit filename="/mnt/c/users/chris/onedrive/desktop/summerofbrain/ThirdParty/log4cplus-2.0.2/testing/performance_test/CMakeLists.txt">
			<Option virtualFolder="CMake Files\ThirdParty\log4cplus-2.0.2\testing\performance_test\"/>
		</Unit>
		<Unit filename="/mnt/c/users/chris/onedrive/desktop/summerofbrain/ThirdParty/log4cplus-2.0.2/testing/priority_test/CMakeLists.txt">
			<Option virtualFolder="CMake Files\ThirdParty\log4cplus-2.0.2\testing\priority_test\"/>
		</Unit>
		<Unit filename="/mnt/c/users/chris/onedrive/desktop/summerofbrain/ThirdParty/log4cplus-2.0.2/testing/propertyconfig_test/CMakeLists.txt">
			<Option virtualFolder="CMake Files\ThirdParty\log4cplus-2.0.2\testing\propertyconfig_test\"/>
		</Unit>
		<Unit filename="/mnt/c/users/chris/onedrive/desktop/summerofbrain/ThirdParty/log4cplus-2.0.2/testing/thread_test/CMakeLists.txt">
			<Option virtualFolder="CMake Files\ThirdParty\log4cplus-2.0.2\testing\thread_test\"/>
		</Unit>
		<Unit filename="/mnt/c/users/chris/onedrive/desktop/summerofbrain/ThirdParty/log4cplus-2.0.2/testing/timeformat_test/CMakeLists.txt">
			<Option virtualFolder="CMake Files\ThirdParty\log4cplus-2.0.2\testing\timeformat_test\"/>
		</Unit>
		<Unit filename="/mnt/c/users/chris/onedrive/desktop/summerofbrain/ThirdParty/log4cplus-2.0.2/testing/unit_tests/CMakeLists.txt">
			<Option virtualFolder="CMake Files\ThirdParty\log4cplus-2.0.2\testing\unit_tests\"/>
		</Unit>
		<Unit filename="/mnt/c/users/chris/onedrive/desktop/summerofbrain/ThirdParty/paramcontainer/CMakeLists.txt">
			<Option virtualFolder="CMake Files\ThirdParty\paramcontainer\"/>
		</Unit>
		<Unit filename="/mnt/c/users/chris/onedrive/desktop/summerofbrain/../../../../../Users/chris/OneDrive/Desktop/SummerOfBrain/ThirdParty/log4cplus-2.0.2/include/log4cplus/config/defines.hxx.cmake">
			<Option virtualFolder="CMake Files\..\..\..\..\..\Users\chris\OneDrive\Desktop\SummerOfBrain\ThirdParty\log4cplus-2.0.2\include\log4cplus\config\"/>
		</Unit>
		<Unit filename="/mnt/c/users/chris/onedrive/desktop/summerofbrain/Testing/lib/googletest-master/CMakeLists.txt">
			<Option virtualFolder="CMake Files\Testing\lib\googletest-master\"/>
		</Unit>
		<Unit filename="/mnt/c/users/chris/onedrive/desktop/summerofbrain/Testing/lib/googletest-master/googlemock/CMakeLists.txt">
			<Option virtualFolder="CMake Files\Testing\lib\googletest-master\googlemock\"/>
		</Unit>
		<Unit filename="/mnt/c/users/chris/onedrive/desktop/summerofbrain/Testing/lib/googletest-master/googlemock/cmake/gmock.pc.in">
			<Option virtualFolder="CMake Files\Testing\lib\googletest-master\googlemock\cmake\"/>
		</Unit>
		<Unit filename="/mnt/c/users/chris/onedrive/desktop/summerofbrain/Testing/lib/googletest-master/googlemock/cmake/gmock_main.pc.in">
			<Option virtualFolder="CMake Files\Testing\lib\googletest-master\googlemock\cmake\"/>
		</Unit>
		<Unit filename="/mnt/c/users/chris/onedrive/desktop/summerofbrain/Testing/lib/googletest-master/googletest/CMakeLists.txt">
			<Option virtualFolder="CMake Files\Testing\lib\googletest-master\googletest\"/>
		</Unit>
		<Unit filename="/mnt/c/users/chris/onedrive/desktop/summerofbrain/Testing/lib/googletest-master/googletest/cmake/Config.cmake.in">
			<Option virtualFolder="CMake Files\Testing\lib\googletest-master\googletest\cmake\"/>
		</Unit>
		<Unit filename="/mnt/c/users/chris/onedrive/desktop/summerofbrain/Testing/lib/googletest-master/googletest/cmake/gtest.pc.in">
			<Option virtualFolder="CMake Files\Testing\lib\googletest-master\googletest\cmake\"/>
		</Unit>
		<Unit filename="/mnt/c/users/chris/onedrive/desktop/summerofbrain/Testing/lib/googletest-master/googletest/cmake/gtest_main.pc.in">
			<Option virtualFolder="CMake Files\Testing\lib\googletest-master\googletest\cmake\"/>
		</Unit>
		<Unit filename="/mnt/c/users/chris/onedrive/desktop/summerofbrain/Testing/lib/googletest-master/googletest/cmake/internal_utils.cmake">
			<Option virtualFolder="CMake Files\Testing\lib\googletest-master\googletest\cmake\"/>
		</Unit>
	</Project>
</CodeBlocks_project_file>
